
Microsoft Visual Studio Solution File, Format Version 12.00
# Visual Studio 14
VisualStudioVersion = 14.0.25420.1
MinimumVisualStudioVersion = 10.0.40219.1
Project("{FAE04EC0-301F-11D3-BF4B-00C04F79EFBC}") = "Logs.Web", "Logs.Web\Logs.Web.csproj", "{6A9F8991-43BB-4BFA-812E-03691632351B}"
EndProject
Project("{FAE04EC0-301F-11D3-BF4B-00C04F79EFBC}") = "Logs.Data", "Logs.Data\Logs.Data.csproj", "{CEC6230F-980F-427C-AE27-4436648E60A2}"
EndProject
Project("{FAE04EC0-301F-11D3-BF4B-00C04F79EFBC}") = "Logs.Models", "Logs.Models\Logs.Models.csproj", "{42C607C4-8FB1-490C-AAD4-5AC9921F91FC}"
EndProject
Project("{FAE04EC0-301F-11D3-BF4B-00C04F79EFBC}") = "Logs.Services", "Logs.Services\Logs.Services.csproj", "{4BD34CDB-E6CE-415C-95EF-5E04CC0A2FA0}"
EndProject
Project("{FAE04EC0-301F-11D3-BF4B-00C04F79EFBC}") = "Logs.Authentication", "Logs.Authentication\Logs.Authentication.csproj", "{911FB23D-C230-4581-94FF-212E574BFF36}"
EndProject
Project("{FAE04EC0-301F-11D3-BF4B-00C04F79EFBC}") = "Logs.Services.Tests", "Logs.Services.Tests\Logs.Services.Tests.csproj", "{B5592041-5025-4012-8B6F-32F4FF04B68F}"
EndProject
Project("{FAE04EC0-301F-11D3-BF4B-00C04F79EFBC}") = "Logs.Models.Tests", "Logs.Models.Tests\Logs.Models.Tests.csproj", "{C1C5A24C-FEB0-4D68-97A3-46BDF19A0AC4}"
EndProject
Project("{FAE04EC0-301F-11D3-BF4B-00C04F79EFBC}") = "Logs.Data.Tests", "Logs.Data.Tests\Logs.Data.Tests.csproj", "{A0CF1DAC-71D8-411D-A1D1-D142A8163AAC}"
EndProject
Project("{FAE04EC0-301F-11D3-BF4B-00C04F79EFBC}") = "Logs.Web.Tests", "Logs.Web.Tests\Logs.Web.Tests.csproj", "{E45128B3-5AA3-4A1C-BADE-4DC856298ACB}"
EndProject
Project("{FAE04EC0-301F-11D3-BF4B-00C04F79EFBC}") = "Logs.Factories", "Logs.Factories\Logs.Factories.csproj", "{9CDE063E-931B-4E7A-A7A9-2452B9C92A4E}"
EndProject
Global
	GlobalSection(SolutionConfigurationPlatforms) = preSolution
		Debug|Any CPU = Debug|Any CPU
		Release|Any CPU = Release|Any CPU
	EndGlobalSection
	GlobalSection(ProjectConfigurationPlatforms) = postSolution
		{6A9F8991-43BB-4BFA-812E-03691632351B}.Debug|Any CPU.ActiveCfg = Debug|Any CPU
		{6A9F8991-43BB-4BFA-812E-03691632351B}.Debug|Any CPU.Build.0 = Debug|Any CPU
		{6A9F8991-43BB-4BFA-812E-03691632351B}.Release|Any CPU.ActiveCfg = Release|Any CPU
		{6A9F8991-43BB-4BFA-812E-03691632351B}.Release|Any CPU.Build.0 = Release|Any CPU
		{CEC6230F-980F-427C-AE27-4436648E60A2}.Debug|Any CPU.ActiveCfg = Debug|Any CPU
		{CEC6230F-980F-427C-AE27-4436648E60A2}.Debug|Any CPU.Build.0 = Debug|Any CPU
		{CEC6230F-980F-427C-AE27-4436648E60A2}.Release|Any CPU.ActiveCfg = Release|Any CPU
		{CEC6230F-980F-427C-AE27-4436648E60A2}.Release|Any CPU.Build.0 = Release|Any CPU
		{42C607C4-8FB1-490C-AAD4-5AC9921F91FC}.Debug|Any CPU.ActiveCfg = Debug|Any CPU
		{42C607C4-8FB1-490C-AAD4-5AC9921F91FC}.Debug|Any CPU.Build.0 = Debug|Any CPU
		{42C607C4-8FB1-490C-AAD4-5AC9921F91FC}.Release|Any CPU.ActiveCfg = Release|Any CPU
		{42C607C4-8FB1-490C-AAD4-5AC9921F91FC}.Release|Any CPU.Build.0 = Release|Any CPU
		{4BD34CDB-E6CE-415C-95EF-5E04CC0A2FA0}.Debug|Any CPU.ActiveCfg = Debug|Any CPU
		{4BD34CDB-E6CE-415C-95EF-5E04CC0A2FA0}.Debug|Any CPU.Build.0 = Debug|Any CPU
		{4BD34CDB-E6CE-415C-95EF-5E04CC0A2FA0}.Release|Any CPU.ActiveCfg = Release|Any CPU
		{4BD34CDB-E6CE-415C-95EF-5E04CC0A2FA0}.Release|Any CPU.Build.0 = Release|Any CPU
		{911FB23D-C230-4581-94FF-212E574BFF36}.Debug|Any CPU.ActiveCfg = Debug|Any CPU
		{911FB23D-C230-4581-94FF-212E574BFF36}.Debug|Any CPU.Build.0 = Debug|Any CPU
		{911FB23D-C230-4581-94FF-212E574BFF36}.Release|Any CPU.ActiveCfg = Release|Any CPU
		{911FB23D-C230-4581-94FF-212E574BFF36}.Release|Any CPU.Build.0 = Release|Any CPU
		{B5592041-5025-4012-8B6F-32F4FF04B68F}.Debug|Any CPU.ActiveCfg = Debug|Any CPU
		{B5592041-5025-4012-8B6F-32F4FF04B68F}.Debug|Any CPU.Build.0 = Debug|Any CPU
		{B5592041-5025-4012-8B6F-32F4FF04B68F}.Release|Any CPU.ActiveCfg = Release|Any CPU
		{B5592041-5025-4012-8B6F-32F4FF04B68F}.Release|Any CPU.Build.0 = Release|Any CPU
		{C1C5A24C-FEB0-4D68-97A3-46BDF19A0AC4}.Debug|Any CPU.ActiveCfg = Debug|Any CPU
		{C1C5A24C-FEB0-4D68-97A3-46BDF19A0AC4}.Debug|Any CPU.Build.0 = Debug|Any CPU
		{C1C5A24C-FEB0-4D68-97A3-46BDF19A0AC4}.Release|Any CPU.ActiveCfg = Release|Any CPU
		{C1C5A24C-FEB0-4D68-97A3-46BDF19A0AC4}.Release|Any CPU.Build.0 = Release|Any CPU
		{A0CF1DAC-71D8-411D-A1D1-D142A8163AAC}.Debug|Any CPU.ActiveCfg = Debug|Any CPU
		{A0CF1DAC-71D8-411D-A1D1-D142A8163AAC}.Debug|Any CPU.Build.0 = Debug|Any CPU
		{A0CF1DAC-71D8-411D-A1D1-D142A8163AAC}.Release|Any CPU.ActiveCfg = Release|Any CPU
		{A0CF1DAC-71D8-411D-A1D1-D142A8163AAC}.Release|Any CPU.Build.0 = Release|Any CPU
		{E45128B3-5AA3-4A1C-BADE-4DC856298ACB}.Debug|Any CPU.ActiveCfg = Debug|Any CPU
		{E45128B3-5AA3-4A1C-BADE-4DC856298ACB}.Debug|Any CPU.Build.0 = Debug|Any CPU
		{E45128B3-5AA3-4A1C-BADE-4DC856298ACB}.Release|Any CPU.ActiveCfg = Release|Any CPU
		{E45128B3-5AA3-4A1C-BADE-4DC856298ACB}.Release|Any CPU.Build.0 = Release|Any CPU
		{9CDE063E-931B-4E7A-A7A9-2452B9C92A4E}.Debug|Any CPU.ActiveCfg = Debug|Any CPU
		{9CDE063E-931B-4E7A-A7A9-2452B9C92A4E}.Debug|Any CPU.Build.0 = Debug|Any CPU
		{9CDE063E-931B-4E7A-A7A9-2452B9C92A4E}.Release|Any CPU.ActiveCfg = Release|Any CPU
		{9CDE063E-931B-4E7A-A7A9-2452B9C92A4E}.Release|Any CPU.Build.0 = Release|Any CPU
	EndGlobalSection
	GlobalSection(SolutionProperties) = preSolution
		HideSolutionNode = FALSE
	EndGlobalSection
EndGlobal
